// !$*UTF8*$!
{
	archiveVersion = 1;
	classes = {
	};
	objectVersion = 55;
	objects = {

/* Begin PBXBuildFile section */
		0265460E28CE2EB00051FBE6 /* FavoriteButton.swift in Sources */ = {isa = PBXBuildFile; fileRef = 0265460D28CE2EB00051FBE6 /* FavoriteButton.swift */; };
		02F7C68628CD0115000153E1 /* LICENSE.txt in Resources */ = {isa = PBXBuildFile; fileRef = 02F7C67828CD0115000153E1 /* LICENSE.txt */; };
		02F7C68728CD0115000153E1 /* umbagog@2x.jpg in Resources */ = {isa = PBXBuildFile; fileRef = 02F7C67A28CD0115000153E1 /* umbagog@2x.jpg */; };
		02F7C68828CD0115000153E1 /* twinlake@2x.jpg in Resources */ = {isa = PBXBuildFile; fileRef = 02F7C67B28CD0115000153E1 /* twinlake@2x.jpg */; };
		02F7C68928CD0115000153E1 /* chincoteague@2x.jpg in Resources */ = {isa = PBXBuildFile; fileRef = 02F7C67C28CD0115000153E1 /* chincoteague@2x.jpg */; };
		02F7C68A28CD0115000153E1 /* lakemcdonald@2x.jpg in Resources */ = {isa = PBXBuildFile; fileRef = 02F7C67D28CD0115000153E1 /* lakemcdonald@2x.jpg */; };
		02F7C68B28CD0115000153E1 /* silversalmoncreek@2x.jpg in Resources */ = {isa = PBXBuildFile; fileRef = 02F7C67E28CD0115000153E1 /* silversalmoncreek@2x.jpg */; };
		02F7C68C28CD0115000153E1 /* icybay@2x.jpg in Resources */ = {isa = PBXBuildFile; fileRef = 02F7C67F28CD0115000153E1 /* icybay@2x.jpg */; };
		02F7C68D28CD0115000153E1 /* hiddenlake@2x.jpg in Resources */ = {isa = PBXBuildFile; fileRef = 02F7C68028CD0115000153E1 /* hiddenlake@2x.jpg */; };
		02F7C68E28CD0115000153E1 /* chilkoottrail@2x.jpg in Resources */ = {isa = PBXBuildFile; fileRef = 02F7C68128CD0115000153E1 /* chilkoottrail@2x.jpg */; };
		02F7C68F28CD0116000153E1 /* stmarylake@2x.jpg in Resources */ = {isa = PBXBuildFile; fileRef = 02F7C68228CD0115000153E1 /* stmarylake@2x.jpg */; };
		02F7C69028CD0116000153E1 /* charleyrivers@2x.jpg in Resources */ = {isa = PBXBuildFile; fileRef = 02F7C68328CD0115000153E1 /* charleyrivers@2x.jpg */; };
		02F7C69128CD0116000153E1 /* rainbowlake@2x.jpg in Resources */ = {isa = PBXBuildFile; fileRef = 02F7C68428CD0115000153E1 /* rainbowlake@2x.jpg */; };
		02F7C69228CD0116000153E1 /* landmarkData.json in Resources */ = {isa = PBXBuildFile; fileRef = 02F7C68528CD0115000153E1 /* landmarkData.json */; };
		02F7C69428CD0136000153E1 /* LandMarkRow.swift in Sources */ = {isa = PBXBuildFile; fileRef = 02F7C69328CD0136000153E1 /* LandMarkRow.swift */; };
		02F7C69828CD029E000153E1 /* ModelData.swift in Sources */ = {isa = PBXBuildFile; fileRef = 02F7C69628CD029E000153E1 /* ModelData.swift */; };
		02F7C69928CD029E000153E1 /* Landmark.swift in Sources */ = {isa = PBXBuildFile; fileRef = 02F7C69728CD029E000153E1 /* Landmark.swift */; };
		02F7C69B28CD0689000153E1 /* LandMarkList.swift in Sources */ = {isa = PBXBuildFile; fileRef = 02F7C69A28CD0689000153E1 /* LandMarkList.swift */; };
		02FBE1E228C7BB1B0030D4CB /* SWiftUIBasicsApp.swift in Sources */ = {isa = PBXBuildFile; fileRef = 02FBE1E128C7BB1B0030D4CB /* SWiftUIBasicsApp.swift */; };
		02FBE1E428C7BB1B0030D4CB /* LandMarkDetail.swift in Sources */ = {isa = PBXBuildFile; fileRef = 02FBE1E328C7BB1B0030D4CB /* LandMarkDetail.swift */; };
		02FBE1E628C7BB200030D4CB /* Assets.xcassets in Resources */ = {isa = PBXBuildFile; fileRef = 02FBE1E528C7BB200030D4CB /* Assets.xcassets */; };
		02FBE1E928C7BB200030D4CB /* Preview Assets.xcassets in Resources */ = {isa = PBXBuildFile; fileRef = 02FBE1E828C7BB200030D4CB /* Preview Assets.xcassets */; };
		02FBE1F028C7BED30030D4CB /* CircleImageView.swift in Sources */ = {isa = PBXBuildFile; fileRef = 02FBE1EF28C7BED30030D4CB /* CircleImageView.swift */; };
		02FBE1F228C7C0A30030D4CB /* MapView.swift in Sources */ = {isa = PBXBuildFile; fileRef = 02FBE1F128C7C0A30030D4CB /* MapView.swift */; };
/* End PBXBuildFile section */

/* Begin PBXFileReference section */
		0265460D28CE2EB00051FBE6 /* FavoriteButton.swift */ = {isa = PBXFileReference; fileEncoding = 4; lastKnownFileType = sourcecode.swift; path = FavoriteButton.swift; sourceTree = "<group>"; };
		02F7C67828CD0115000153E1 /* LICENSE.txt */ = {isa = PBXFileReference; fileEncoding = 4; lastKnownFileType = text; path = LICENSE.txt; sourceTree = "<group>"; };
		02F7C67A28CD0115000153E1 /* umbagog@2x.jpg */ = {isa = PBXFileReference; lastKnownFileType = image.jpeg; path = "umbagog@2x.jpg"; sourceTree = "<group>"; };
		02F7C67B28CD0115000153E1 /* twinlake@2x.jpg */ = {isa = PBXFileReference; lastKnownFileType = image.jpeg; path = "twinlake@2x.jpg"; sourceTree = "<group>"; };
		02F7C67C28CD0115000153E1 /* chincoteague@2x.jpg */ = {isa = PBXFileReference; lastKnownFileType = image.jpeg; path = "chincoteague@2x.jpg"; sourceTree = "<group>"; };
		02F7C67D28CD0115000153E1 /* lakemcdonald@2x.jpg */ = {isa = PBXFileReference; lastKnownFileType = image.jpeg; path = "lakemcdonald@2x.jpg"; sourceTree = "<group>"; };
		02F7C67E28CD0115000153E1 /* silversalmoncreek@2x.jpg */ = {isa = PBXFileReference; lastKnownFileType = image.jpeg; path = "silversalmoncreek@2x.jpg"; sourceTree = "<group>"; };
		02F7C67F28CD0115000153E1 /* icybay@2x.jpg */ = {isa = PBXFileReference; lastKnownFileType = image.jpeg; path = "icybay@2x.jpg"; sourceTree = "<group>"; };
		02F7C68028CD0115000153E1 /* hiddenlake@2x.jpg */ = {isa = PBXFileReference; lastKnownFileType = image.jpeg; path = "hiddenlake@2x.jpg"; sourceTree = "<group>"; };
		02F7C68128CD0115000153E1 /* chilkoottrail@2x.jpg */ = {isa = PBXFileReference; lastKnownFileType = image.jpeg; path = "chilkoottrail@2x.jpg"; sourceTree = "<group>"; };
		02F7C68228CD0115000153E1 /* stmarylake@2x.jpg */ = {isa = PBXFileReference; lastKnownFileType = image.jpeg; path = "stmarylake@2x.jpg"; sourceTree = "<group>"; };
		02F7C68328CD0115000153E1 /* charleyrivers@2x.jpg */ = {isa = PBXFileReference; lastKnownFileType = image.jpeg; path = "charleyrivers@2x.jpg"; sourceTree = "<group>"; };
		02F7C68428CD0115000153E1 /* rainbowlake@2x.jpg */ = {isa = PBXFileReference; lastKnownFileType = image.jpeg; path = "rainbowlake@2x.jpg"; sourceTree = "<group>"; };
		02F7C68528CD0115000153E1 /* landmarkData.json */ = {isa = PBXFileReference; fileEncoding = 4; lastKnownFileType = text.json; path = landmarkData.json; sourceTree = "<group>"; };
		02F7C69328CD0136000153E1 /* LandMarkRow.swift */ = {isa = PBXFileReference; lastKnownFileType = sourcecode.swift; path = LandMarkRow.swift; sourceTree = "<group>"; };
		02F7C69628CD029E000153E1 /* ModelData.swift */ = {isa = PBXFileReference; fileEncoding = 4; lastKnownFileType = sourcecode.swift; path = ModelData.swift; sourceTree = "<group>"; };
		02F7C69728CD029E000153E1 /* Landmark.swift */ = {isa = PBXFileReference; fileEncoding = 4; lastKnownFileType = sourcecode.swift; path = Landmark.swift; sourceTree = "<group>"; };
		02F7C69A28CD0689000153E1 /* LandMarkList.swift */ = {isa = PBXFileReference; lastKnownFileType = sourcecode.swift; path = LandMarkList.swift; sourceTree = "<group>"; };
		02FBE1DE28C7BB1B0030D4CB /* SWiftUIBasics.app */ = {isa = PBXFileReference; explicitFileType = wrapper.application; includeInIndex = 0; path = SWiftUIBasics.app; sourceTree = BUILT_PRODUCTS_DIR; };
		02FBE1E128C7BB1B0030D4CB /* SWiftUIBasicsApp.swift */ = {isa = PBXFileReference; lastKnownFileType = sourcecode.swift; path = SWiftUIBasicsApp.swift; sourceTree = "<group>"; };
		02FBE1E328C7BB1B0030D4CB /* LandMarkDetail.swift */ = {isa = PBXFileReference; lastKnownFileType = sourcecode.swift; path = LandMarkDetail.swift; sourceTree = "<group>"; };
		02FBE1E528C7BB200030D4CB /* Assets.xcassets */ = {isa = PBXFileReference; lastKnownFileType = folder.assetcatalog; path = Assets.xcassets; sourceTree = "<group>"; };
		02FBE1E828C7BB200030D4CB /* Preview Assets.xcassets */ = {isa = PBXFileReference; lastKnownFileType = folder.assetcatalog; path = "Preview Assets.xcassets"; sourceTree = "<group>"; };
		02FBE1EF28C7BED30030D4CB /* CircleImageView.swift */ = {isa = PBXFileReference; lastKnownFileType = sourcecode.swift; path = CircleImageView.swift; sourceTree = "<group>"; };
		02FBE1F128C7C0A30030D4CB /* MapView.swift */ = {isa = PBXFileReference; lastKnownFileType = sourcecode.swift; path = MapView.swift; sourceTree = "<group>"; };
/* End PBXFileReference section */

/* Begin PBXFrameworksBuildPhase section */
		02FBE1DB28C7BB1B0030D4CB /* Frameworks */ = {
			isa = PBXFrameworksBuildPhase;
			buildActionMask = 2147483647;
			files = (
			);
			runOnlyForDeploymentPostprocessing = 0;
		};
/* End PBXFrameworksBuildPhase section */

/* Begin PBXGroup section */
		02F7C67528CD009F000153E1 /* SupportingViews */ = {
			isa = PBXGroup;
			children = (
				0265460D28CE2EB00051FBE6 /* FavoriteButton.swift */,
				02FBE1F128C7C0A30030D4CB /* MapView.swift */,
				02FBE1EF28C7BED30030D4CB /* CircleImageView.swift */,
				02F7C69328CD0136000153E1 /* LandMarkRow.swift */,
			);
			path = SupportingViews;
			sourceTree = "<group>";
		};
		02F7C67628CD0115000153E1 /* Resources */ = {
			isa = PBXGroup;
			children = (
				02F7C67728CD0115000153E1 /* LICENSE */,
				02F7C67928CD0115000153E1 /* Images */,
				02F7C68528CD0115000153E1 /* landmarkData.json */,
			);
			path = Resources;
			sourceTree = "<group>";
		};
		02F7C67728CD0115000153E1 /* LICENSE */ = {
			isa = PBXGroup;
			children = (
				02F7C67828CD0115000153E1 /* LICENSE.txt */,
			);
			path = LICENSE;
			sourceTree = "<group>";
		};
		02F7C67928CD0115000153E1 /* Images */ = {
			isa = PBXGroup;
			children = (
				02F7C67A28CD0115000153E1 /* umbagog@2x.jpg */,
				02F7C67B28CD0115000153E1 /* twinlake@2x.jpg */,
				02F7C67C28CD0115000153E1 /* chincoteague@2x.jpg */,
				02F7C67D28CD0115000153E1 /* lakemcdonald@2x.jpg */,
				02F7C67E28CD0115000153E1 /* silversalmoncreek@2x.jpg */,
				02F7C67F28CD0115000153E1 /* icybay@2x.jpg */,
				02F7C68028CD0115000153E1 /* hiddenlake@2x.jpg */,
				02F7C68128CD0115000153E1 /* chilkoottrail@2x.jpg */,
				02F7C68228CD0115000153E1 /* stmarylake@2x.jpg */,
				02F7C68328CD0115000153E1 /* charleyrivers@2x.jpg */,
				02F7C68428CD0115000153E1 /* rainbowlake@2x.jpg */,
			);
			path = Images;
			sourceTree = "<group>";
		};
		02F7C69528CD029E000153E1 /* Model */ = {
			isa = PBXGroup;
			children = (
				02F7C69628CD029E000153E1 /* ModelData.swift */,
				02F7C69728CD029E000153E1 /* Landmark.swift */,
			);
			path = Model;
			sourceTree = "<group>";
		};
		02FBE1D528C7BB1B0030D4CB = {
			isa = PBXGroup;
			children = (
				02FBE1E028C7BB1B0030D4CB /* SWiftUIBasics */,
				02FBE1DF28C7BB1B0030D4CB /* Products */,
			);
			sourceTree = "<group>";
		};
		02FBE1DF28C7BB1B0030D4CB /* Products */ = {
			isa = PBXGroup;
			children = (
				02FBE1DE28C7BB1B0030D4CB /* SWiftUIBasics.app */,
			);
			name = Products;
			sourceTree = "<group>";
		};
		02FBE1E028C7BB1B0030D4CB /* SWiftUIBasics */ = {
			isa = PBXGroup;
			children = (
				02FBE1E128C7BB1B0030D4CB /* SWiftUIBasicsApp.swift */,
				02FBE1E328C7BB1B0030D4CB /* LandMarkDetail.swift */,
				02F7C69A28CD0689000153E1 /* LandMarkList.swift */,
				02F7C69528CD029E000153E1 /* Model */,
				02F7C67528CD009F000153E1 /* SupportingViews */,
				02F7C67628CD0115000153E1 /* Resources */,
				02FBE1E528C7BB200030D4CB /* Assets.xcassets */,
				02FBE1E728C7BB200030D4CB /* Preview Content */,
			);
			path = SWiftUIBasics;
			sourceTree = "<group>";
		};
		02FBE1E728C7BB200030D4CB /* Preview Content */ = {
			isa = PBXGroup;
			children = (
				02FBE1E828C7BB200030D4CB /* Preview Assets.xcassets */,
			);
			path = "Preview Content";
			sourceTree = "<group>";
		};
/* End PBXGroup section */

/* Begin PBXNativeTarget section */
		02FBE1DD28C7BB1B0030D4CB /* SWiftUIBasics */ = {
			isa = PBXNativeTarget;
			buildConfigurationList = 02FBE1EC28C7BB200030D4CB /* Build configuration list for PBXNativeTarget "SWiftUIBasics" */;
			buildPhases = (
				02FBE1DA28C7BB1B0030D4CB /* Sources */,
				02FBE1DB28C7BB1B0030D4CB /* Frameworks */,
				02FBE1DC28C7BB1B0030D4CB /* Resources */,
			);
			buildRules = (
			);
			dependencies = (
			);
			name = SWiftUIBasics;
			productName = SWiftUIBasics;
			productReference = 02FBE1DE28C7BB1B0030D4CB /* SWiftUIBasics.app */;
			productType = "com.apple.product-type.application";
		};
/* End PBXNativeTarget section */

/* Begin PBXProject section */
		02FBE1D628C7BB1B0030D4CB /* Project object */ = {
			isa = PBXProject;
			attributes = {
				BuildIndependentTargetsInParallel = 1;
				LastSwiftUpdateCheck = 1340;
				LastUpgradeCheck = 1340;
				TargetAttributes = {
					02FBE1DD28C7BB1B0030D4CB = {
						CreatedOnToolsVersion = 13.4.1;
					};
				};
			};
			buildConfigurationList = 02FBE1D928C7BB1B0030D4CB /* Build configuration list for PBXProject "SWiftUIBasics" */;
			compatibilityVersion = "Xcode 13.0";
			developmentRegion = en;
			hasScannedForEncodings = 0;
			knownRegions = (
				en,
				Base,
			);
			mainGroup = 02FBE1D528C7BB1B0030D4CB;
			productRefGroup = 02FBE1DF28C7BB1B0030D4CB /* Products */;
			projectDirPath = "";
			projectRoot = "";
			targets = (
				02FBE1DD28C7BB1B0030D4CB /* SWiftUIBasics */,
			);
		};
/* End PBXProject section */

/* Begin PBXResourcesBuildPhase section */
		02FBE1DC28C7BB1B0030D4CB /* Resources */ = {
			isa = PBXResourcesBuildPhase;
			buildActionMask = 2147483647;
			files = (
				02F7C69028CD0116000153E1 /* charleyrivers@2x.jpg in Resources */,
				02F7C68628CD0115000153E1 /* LICENSE.txt in Resources */,
				02F7C68D28CD0115000153E1 /* hiddenlake@2x.jpg in Resources */,
				02F7C68728CD0115000153E1 /* umbagog@2x.jpg in Resources */,
				02F7C69128CD0116000153E1 /* rainbowlake@2x.jpg in Resources */,
				02F7C68C28CD0115000153E1 /* icybay@2x.jpg in Resources */,
				02F7C68B28CD0115000153E1 /* silversalmoncreek@2x.jpg in Resources */,
				02FBE1E928C7BB200030D4CB /* Preview Assets.xcassets in Resources */,
				02F7C69228CD0116000153E1 /* landmarkData.json in Resources */,
				02F7C68828CD0115000153E1 /* twinlake@2x.jpg in Resources */,
				02F7C68F28CD0116000153E1 /* stmarylake@2x.jpg in Resources */,
				02F7C68A28CD0115000153E1 /* lakemcdonald@2x.jpg in Resources */,
				02F7C68E28CD0115000153E1 /* chilkoottrail@2x.jpg in Resources */,
				02FBE1E628C7BB200030D4CB /* Assets.xcassets in Resources */,
				02F7C68928CD0115000153E1 /* chincoteague@2x.jpg in Resources */,
			);
			runOnlyForDeploymentPostprocessing = 0;
		};
/* End PBXResourcesBuildPhase section */

/* Begin PBXSourcesBuildPhase section */
		02FBE1DA28C7BB1B0030D4CB /* Sources */ = {
			isa = PBXSourcesBuildPhase;
			buildActionMask = 2147483647;
			files = (
				02F7C69928CD029E000153E1 /* Landmark.swift in Sources */,
				02FBE1E428C7BB1B0030D4CB /* LandMarkDetail.swift in Sources */,
				02F7C69B28CD0689000153E1 /* LandMarkList.swift in Sources */,
				0265460E28CE2EB00051FBE6 /* FavoriteButton.swift in Sources */,
				02FBE1F228C7C0A30030D4CB /* MapView.swift in Sources */,
				02FBE1F028C7BED30030D4CB /* CircleImageView.swift in Sources */,
				02FBE1E228C7BB1B0030D4CB /* SWiftUIBasicsApp.swift in Sources */,
				02F7C69428CD0136000153E1 /* LandMarkRow.swift in Sources */,
				02F7C69828CD029E000153E1 /* ModelData.swift in Sources */,
			);
			runOnlyForDeploymentPostprocessing = 0;
		};
/* End PBXSourcesBuildPhase section */

/* Begin XCBuildConfiguration section */
		02FBE1EA28C7BB200030D4CB /* Debug */ = {
			isa = XCBuildConfiguration;
			buildSettings = {
				ALWAYS_SEARCH_USER_PATHS = NO;
				CLANG_ANALYZER_NONNULL = YES;
				CLANG_ANALYZER_NUMBER_OBJECT_CONVERSION = YES_AGGRESSIVE;
				CLANG_CXX_LANGUAGE_STANDARD = "gnu++17";
				CLANG_ENABLE_MODULES = YES;
				CLANG_ENABLE_OBJC_ARC = YES;
				CLANG_ENABLE_OBJC_WEAK = YES;
				CLANG_WARN_BLOCK_CAPTURE_AUTORELEASING = YES;
				CLANG_WARN_BOOL_CONVERSION = YES;
				CLANG_WARN_COMMA = YES;
				CLANG_WARN_CONSTANT_CONVERSION = YES;
				CLANG_WARN_DEPRECATED_OBJC_IMPLEMENTATIONS = YES;
				CLANG_WARN_DIRECT_OBJC_ISA_USAGE = YES_ERROR;
				CLANG_WARN_DOCUMENTATION_COMMENTS = YES;
				CLANG_WARN_EMPTY_BODY = YES;
				CLANG_WARN_ENUM_CONVERSION = YES;
				CLANG_WARN_INFINITE_RECURSION = YES;
				CLANG_WARN_INT_CONVERSION = YES;
				CLANG_WARN_NON_LITERAL_NULL_CONVERSION = YES;
				CLANG_WARN_OBJC_IMPLICIT_RETAIN_SELF = YES;
				CLANG_WARN_OBJC_LITERAL_CONVERSION = YES;
				CLANG_WARN_OBJC_ROOT_CLASS = YES_ERROR;
				CLANG_WARN_QUOTED_INCLUDE_IN_FRAMEWORK_HEADER = YES;
				CLANG_WARN_RANGE_LOOP_ANALYSIS = YES;
				CLANG_WARN_STRICT_PROTOTYPES = YES;
				CLANG_WARN_SUSPICIOUS_MOVE = YES;
				CLANG_WARN_UNGUARDED_AVAILABILITY = YES_AGGRESSIVE;
				CLANG_WARN_UNREACHABLE_CODE = YES;
				CLANG_WARN__DUPLICATE_METHOD_MATCH = YES;
				COPY_PHASE_STRIP = NO;
				DEBUG_INFORMATION_FORMAT = dwarf;
				ENABLE_STRICT_OBJC_MSGSEND = YES;
				ENABLE_TESTABILITY = YES;
				GCC_C_LANGUAGE_STANDARD = gnu11;
				GCC_DYNAMIC_NO_PIC = NO;
				GCC_NO_COMMON_BLOCKS = YES;
				GCC_OPTIMIZATION_LEVEL = 0;
				GCC_PREPROCESSOR_DEFINITIONS = (
					"DEBUG=1",
					"$(inherited)",
				);
				GCC_WARN_64_TO_32_BIT_CONVERSION = YES;
				GCC_WARN_ABOUT_RETURN_TYPE = YES_ERROR;
				GCC_WARN_UNDECLARED_SELECTOR = YES;
				GCC_WARN_UNINITIALIZED_AUTOS = YES_AGGRESSIVE;
				GCC_WARN_UNUSED_FUNCTION = YES;
				GCC_WARN_UNUSED_VARIABLE = YES;
				IPHONEOS_DEPLOYMENT_TARGET = 15.5;
				MTL_ENABLE_DEBUG_INFO = INCLUDE_SOURCE;
				MTL_FAST_MATH = YES;
				ONLY_ACTIVE_ARCH = YES;
				SDKROOT = iphoneos;
				SWIFT_ACTIVE_COMPILATION_CONDITIONS = DEBUG;
				SWIFT_OPTIMIZATION_LEVEL = "-Onone";
			};
			name = Debug;
		};
		02FBE1EB28C7BB200030D4CB /* Release */ = {
			isa = XCBuildConfiguration;
			buildSettings = {
				ALWAYS_SEARCH_USER_PATHS = NO;
				CLANG_ANALYZER_NONNULL = YES;
				CLANG_ANALYZER_NUMBER_OBJECT_CONVERSION = YES_AGGRESSIVE;
				CLANG_CXX_LANGUAGE_STANDARD = "gnu++17";
				CLANG_ENABLE_MODULES = YES;
				CLANG_ENABLE_OBJC_ARC = YES;
				CLANG_ENABLE_OBJC_WEAK = YES;
				CLANG_WARN_BLOCK_CAPTURE_AUTORELEASING = YES;
				CLANG_WARN_BOOL_CONVERSION = YES;
				CLANG_WARN_COMMA = YES;
				CLANG_WARN_CONSTANT_CONVERSION = YES;
				CLANG_WARN_DEPRECATED_OBJC_IMPLEMENTATIONS = YES;
				CLANG_WARN_DIRECT_OBJC_ISA_USAGE = YES_ERROR;
				CLANG_WARN_DOCUMENTATION_COMMENTS = YES;
				CLANG_WARN_EMPTY_BODY = YES;
				CLANG_WARN_ENUM_CONVERSION = YES;
				CLANG_WARN_INFINITE_RECURSION = YES;
				CLANG_WARN_INT_CONVERSION = YES;
				CLANG_WARN_NON_LITERAL_NULL_CONVERSION = YES;
				CLANG_WARN_OBJC_IMPLICIT_RETAIN_SELF = YES;
				CLANG_WARN_OBJC_LITERAL_CONVERSION = YES;
				CLANG_WARN_OBJC_ROOT_CLASS = YES_ERROR;
				CLANG_WARN_QUOTED_INCLUDE_IN_FRAMEWORK_HEADER = YES;
				CLANG_WARN_RANGE_LOOP_ANALYSIS = YES;
				CLANG_WARN_STRICT_PROTOTYPES = YES;
				CLANG_WARN_SUSPICIOUS_MOVE = YES;
				CLANG_WARN_UNGUARDED_AVAILABILITY = YES_AGGRESSIVE;
				CLANG_WARN_UNREACHABLE_CODE = YES;
				CLANG_WARN__DUPLICATE_METHOD_MATCH = YES;
				COPY_PHASE_STRIP = NO;
				DEBUG_INFORMATION_FORMAT = "dwarf-with-dsym";
				ENABLE_NS_ASSERTIONS = NO;
				ENABLE_STRICT_OBJC_MSGSEND = YES;
				GCC_C_LANGUAGE_STANDARD = gnu11;
				GCC_NO_COMMON_BLOCKS = YES;
				GCC_WARN_64_TO_32_BIT_CONVERSION = YES;
				GCC_WARN_ABOUT_RETURN_TYPE = YES_ERROR;
				GCC_WARN_UNDECLARED_SELECTOR = YES;
				GCC_WARN_UNINITIALIZED_AUTOS = YES_AGGRESSIVE;
				GCC_WARN_UNUSED_FUNCTION = YES;
				GCC_WARN_UNUSED_VARIABLE = YES;
				IPHONEOS_DEPLOYMENT_TARGET = 15.5;
				MTL_ENABLE_DEBUG_INFO = NO;
				MTL_FAST_MATH = YES;
				SDKROOT = iphoneos;
				SWIFT_COMPILATION_MODE = wholemodule;
				SWIFT_OPTIMIZATION_LEVEL = "-O";
				VALIDATE_PRODUCT = YES;
			};
			name = Release;
		};
		02FBE1ED28C7BB200030D4CB /* Debug */ = {
			isa = XCBuildConfiguration;
			buildSettings = {
				ASSETCATALOG_COMPILER_APPICON_NAME = AppIcon;
				ASSETCATALOG_COMPILER_GLOBAL_ACCENT_COLOR_NAME = AccentColor;
				CODE_SIGN_STYLE = Automatic;
				CURRENT_PROJECT_VERSION = 1;
				DEVELOPMENT_ASSET_PATHS = "\"SWiftUIBasics/Preview Content\"";
				ENABLE_PREVIEWS = YES;
				GENERATE_INFOPLIST_FILE = YES;
				INFOPLIST_KEY_UIApplicationSceneManifest_Generation = YES;
				INFOPLIST_KEY_UIApplicationSupportsIndirectInputEvents = YES;
				INFOPLIST_KEY_UILaunchScreen_Generation = YES;
				INFOPLIST_KEY_UISupportedInterfaceOrientations_iPad = "UIInterfaceOrientationPortrait UIInterfaceOrientationPortraitUpsideDown UIInterfaceOrientationLandscapeLeft UIInterfaceOrientationLandscapeRight";
				INFOPLIST_KEY_UISupportedInterfaceOrientations_iPhone = "UIInterfaceOrientationPortrait UIInterfaceOrientationLandscapeLeft UIInterfaceOrientationLandscapeRight";
				LD_RUNPATH_SEARCH_PATHS = (
					"$(inherited)",
					"@executable_path/Frameworks",
				);
				MARKETING_VERSION = 1.0;
				PRODUCT_BUNDLE_IDENTIFIER = com.emperor.SWiftUIBasics;
				PRODUCT_NAME = "$(TARGET_NAME)";
				SWIFT_EMIT_LOC_STRINGS = YES;
				SWIFT_VERSION = 5.0;
				TARGETED_DEVICE_FAMILY = "1,2";
			};
			name = Debug;
		};
		02FBE1EE28C7BB200030D4CB /* Release */ = {
			isa = XCBuildConfiguration;
			buildSettings = {
				ASSETCATALOG_COMPILER_APPICON_NAME = AppIcon;
				ASSETCATALOG_COMPILER_GLOBAL_ACCENT_COLOR_NAME = AccentColor;
				CODE_SIGN_STYLE = Automatic;
				CURRENT_PROJECT_VERSION = 1;
				DEVELOPMENT_ASSET_PATHS = "\"SWiftUIBasics/Preview Content\"";
				ENABLE_PREVIEWS = YES;
				GENERATE_INFOPLIST_FILE = YES;
				INFOPLIST_KEY_UIApplicationSceneManifest_Generation = YES;
				INFOPLIST_KEY_UIApplicationSupportsIndirectInputEvents = YES;
				INFOPLIST_KEY_UILaunchScreen_Generation = YES;
				INFOPLIST_KEY_UISupportedInterfaceOrientations_iPad = "UIInterfaceOrientationPortrait UIInterfaceOrientationPortraitUpsideDown UIInterfaceOrientationLandscapeLeft UIInterfaceOrientationLandscapeRight";
				INFOPLIST_KEY_UISupportedInterfaceOrientations_iPhone = "UIInterfaceOrientationPortrait UIInterfaceOrientationLandscapeLeft UIInterfaceOrientationLandscapeRight";
				LD_RUNPATH_SEARCH_PATHS = (
					"$(inherited)",
					"@executable_path/Frameworks",
				);
				MARKETING_VERSION = 1.0;
				PRODUCT_BUNDLE_IDENTIFIER = com.emperor.SWiftUIBasics;
				PRODUCT_NAME = "$(TARGET_NAME)";
				SWIFT_EMIT_LOC_STRINGS = YES;
				SWIFT_VERSION = 5.0;
				TARGETED_DEVICE_FAMILY = "1,2";
			};
			name = Release;
		};
/* End XCBuildConfiguration section */

/* Begin XCConfigurationList section */
		02FBE1D928C7BB1B0030D4CB /* Build configuration list for PBXProject "SWiftUIBasics" */ = {
			isa = XCConfigurationList;
			buildConfigurations = (
				02FBE1EA28C7BB200030D4CB /* Debug */,
				02FBE1EB28C7BB200030D4CB /* Release */,
			);
			defaultConfigurationIsVisible = 0;
			defaultConfigurationName = Release;
		};
		02FBE1EC28C7BB200030D4CB /* Build configuration list for PBXNativeTarget "SWiftUIBasics" */ = {
			isa = XCConfigurationList;
			buildConfigurations = (
				02FBE1ED28C7BB200030D4CB /* Debug */,
				02FBE1EE28C7BB200030D4CB /* Release */,
			);
			defaultConfigurationIsVisible = 0;
			defaultConfigurationName = Release;
		};
/* End XCConfigurationList section */
	};
	rootObject = 02FBE1D628C7BB1B0030D4CB /* Project object */;
}
